// !$*UTF8*$!
{
	archiveVersion = 1;
	classes = {
	};
	objectVersion = 50;
	objects = {

/* Begin PBXBuildFile section */
		EB23971E257062F2002712A7 /* NetworkService.swift in Sources */ = {isa = PBXBuildFile; fileRef = EB23971D257062F2002712A7 /* NetworkService.swift */; };
		EB31CDF325701888000241D7 /* AppDelegate.swift in Sources */ = {isa = PBXBuildFile; fileRef = EB31CDF225701888000241D7 /* AppDelegate.swift */; };
		EB31CDF525701888000241D7 /* SceneDelegate.swift in Sources */ = {isa = PBXBuildFile; fileRef = EB31CDF425701888000241D7 /* SceneDelegate.swift */; };
		EB31CDF725701888000241D7 /* HomeViewController.swift in Sources */ = {isa = PBXBuildFile; fileRef = EB31CDF625701888000241D7 /* HomeViewController.swift */; };
		EB31CDFA25701888000241D7 /* HomeViewController.storyboard in Resources */ = {isa = PBXBuildFile; fileRef = EB31CDF825701888000241D7 /* HomeViewController.storyboard */; };
		EB31CDFC25701888000241D7 /* Assets.xcassets in Resources */ = {isa = PBXBuildFile; fileRef = EB31CDFB25701888000241D7 /* Assets.xcassets */; };
		EB31CDFF25701888000241D7 /* LaunchScreen.storyboard in Resources */ = {isa = PBXBuildFile; fileRef = EB31CDFD25701888000241D7 /* LaunchScreen.storyboard */; };
		EB31CE0A25701888000241D7 /* HomeViewModelTests.swift in Sources */ = {isa = PBXBuildFile; fileRef = EB31CE0925701888000241D7 /* HomeViewModelTests.swift */; };
		EB31CE1C257019F2000241D7 /* Patient.swift in Sources */ = {isa = PBXBuildFile; fileRef = EB31CE1B257019F2000241D7 /* Patient.swift */; };
		EB31CE1E25701A45000241D7 /* PatientInformationService.swift in Sources */ = {isa = PBXBuildFile; fileRef = EB31CE1D25701A45000241D7 /* PatientInformationService.swift */; };
		EB31CE2225701AA7000241D7 /* HomeViewModel.swift in Sources */ = {isa = PBXBuildFile; fileRef = EB31CE2125701AA7000241D7 /* HomeViewModel.swift */; };
		EBD4F8F1257094DB00E979AA /* PatientInformationServiceTest.swift in Sources */ = {isa = PBXBuildFile; fileRef = EBD4F8F0257094DB00E979AA /* PatientInformationServiceTest.swift */; };
		EBD4F8F42570AA6E00E979AA /* PatientInformationRepository.swift in Sources */ = {isa = PBXBuildFile; fileRef = EBD4F8F32570AA6E00E979AA /* PatientInformationRepository.swift */; };
		EBD4F8F72570AC6A00E979AA /* AlertManager.swift in Sources */ = {isa = PBXBuildFile; fileRef = EBD4F8F62570AC6A00E979AA /* AlertManager.swift */; };
		EBD4F8F92570AC8700E979AA /* HomeBuilder.swift in Sources */ = {isa = PBXBuildFile; fileRef = EBD4F8F82570AC8700E979AA /* HomeBuilder.swift */; };
		EBD4F8FF2570B37900E979AA /* PatientNameCell.swift in Sources */ = {isa = PBXBuildFile; fileRef = EBD4F8FD2570B37900E979AA /* PatientNameCell.swift */; };
		EBD4F9002570B37900E979AA /* PatientNameCell.xib in Resources */ = {isa = PBXBuildFile; fileRef = EBD4F8FE2570B37900E979AA /* PatientNameCell.xib */; };
		EBD4F9022570BBC700E979AA /* Extensions.swift in Sources */ = {isa = PBXBuildFile; fileRef = EBD4F9012570BBC700E979AA /* Extensions.swift */; };
		EBD4F9052570C8D800E979AA /* PatientSelectedViewController.swift in Sources */ = {isa = PBXBuildFile; fileRef = EBD4F9042570C8D800E979AA /* PatientSelectedViewController.swift */; };
		EBD4F9072570C8F400E979AA /* PatientSelectedViewController.storyboard in Resources */ = {isa = PBXBuildFile; fileRef = EBD4F9062570C8F400E979AA /* PatientSelectedViewController.storyboard */; };
		EBD4F9092570CED600E979AA /* PatientSelectedViewModel.swift in Sources */ = {isa = PBXBuildFile; fileRef = EBD4F9082570CED600E979AA /* PatientSelectedViewModel.swift */; };
		EBDBBFA8257D7B7700F67AA4 /* NetworkError.swift in Sources */ = {isa = PBXBuildFile; fileRef = EBDBBFA7257D7B7700F67AA4 /* NetworkError.swift */; };
		EBEE173E25702A93006D1846 /* TableView.swift in Sources */ = {isa = PBXBuildFile; fileRef = EBEE173D25702A93006D1846 /* TableView.swift */; };
/* End PBXBuildFile section */

/* Begin PBXContainerItemProxy section */
		EB31CE0625701888000241D7 /* PBXContainerItemProxy */ = {
			isa = PBXContainerItemProxy;
			containerPortal = EB31CDE725701887000241D7 /* Project object */;
			proxyType = 1;
			remoteGlobalIDString = EB31CDEE25701887000241D7;
			remoteInfo = "eHealthInnovation-Test";
		};
/* End PBXContainerItemProxy section */

/* Begin PBXFileReference section */
		EB23971D257062F2002712A7 /* NetworkService.swift */ = {isa = PBXFileReference; lastKnownFileType = sourcecode.swift; path = NetworkService.swift; sourceTree = "<group>"; };
		EB31CDEF25701888000241D7 /* eHealthInnovation-Test.app */ = {isa = PBXFileReference; explicitFileType = wrapper.application; includeInIndex = 0; path = "eHealthInnovation-Test.app"; sourceTree = BUILT_PRODUCTS_DIR; };
		EB31CDF225701888000241D7 /* AppDelegate.swift */ = {isa = PBXFileReference; lastKnownFileType = sourcecode.swift; path = AppDelegate.swift; sourceTree = "<group>"; };
		EB31CDF425701888000241D7 /* SceneDelegate.swift */ = {isa = PBXFileReference; lastKnownFileType = sourcecode.swift; path = SceneDelegate.swift; sourceTree = "<group>"; };
		EB31CDF625701888000241D7 /* HomeViewController.swift */ = {isa = PBXFileReference; lastKnownFileType = sourcecode.swift; path = HomeViewController.swift; sourceTree = "<group>"; };
		EB31CDF925701888000241D7 /* Base */ = {isa = PBXFileReference; lastKnownFileType = file.storyboard; name = Base; path = Base.lproj/HomeViewController.storyboard; sourceTree = "<group>"; };
		EB31CDFB25701888000241D7 /* Assets.xcassets */ = {isa = PBXFileReference; lastKnownFileType = folder.assetcatalog; path = Assets.xcassets; sourceTree = "<group>"; };
		EB31CDFE25701888000241D7 /* Base */ = {isa = PBXFileReference; lastKnownFileType = file.storyboard; name = Base; path = Base.lproj/LaunchScreen.storyboard; sourceTree = "<group>"; };
		EB31CE0025701888000241D7 /* Info.plist */ = {isa = PBXFileReference; lastKnownFileType = text.plist.xml; path = Info.plist; sourceTree = "<group>"; };
		EB31CE0525701888000241D7 /* eHealthInnovation-TestTests.xctest */ = {isa = PBXFileReference; explicitFileType = wrapper.cfbundle; includeInIndex = 0; path = "eHealthInnovation-TestTests.xctest"; sourceTree = BUILT_PRODUCTS_DIR; };
		EB31CE0925701888000241D7 /* HomeViewModelTests.swift */ = {isa = PBXFileReference; lastKnownFileType = sourcecode.swift; path = HomeViewModelTests.swift; sourceTree = "<group>"; };
		EB31CE0B25701888000241D7 /* Info.plist */ = {isa = PBXFileReference; lastKnownFileType = text.plist.xml; path = Info.plist; sourceTree = "<group>"; };
		EB31CE1B257019F2000241D7 /* Patient.swift */ = {isa = PBXFileReference; lastKnownFileType = sourcecode.swift; path = Patient.swift; sourceTree = "<group>"; };
		EB31CE1D25701A45000241D7 /* PatientInformationService.swift */ = {isa = PBXFileReference; lastKnownFileType = sourcecode.swift; path = PatientInformationService.swift; sourceTree = "<group>"; };
		EB31CE2125701AA7000241D7 /* HomeViewModel.swift */ = {isa = PBXFileReference; lastKnownFileType = sourcecode.swift; path = HomeViewModel.swift; sourceTree = "<group>"; };
		EBD4F8F0257094DB00E979AA /* PatientInformationServiceTest.swift */ = {isa = PBXFileReference; lastKnownFileType = sourcecode.swift; path = PatientInformationServiceTest.swift; sourceTree = "<group>"; };
		EBD4F8F32570AA6E00E979AA /* PatientInformationRepository.swift */ = {isa = PBXFileReference; lastKnownFileType = sourcecode.swift; path = PatientInformationRepository.swift; sourceTree = "<group>"; };
		EBD4F8F62570AC6A00E979AA /* AlertManager.swift */ = {isa = PBXFileReference; lastKnownFileType = sourcecode.swift; path = AlertManager.swift; sourceTree = "<group>"; };
		EBD4F8F82570AC8700E979AA /* HomeBuilder.swift */ = {isa = PBXFileReference; lastKnownFileType = sourcecode.swift; path = HomeBuilder.swift; sourceTree = "<group>"; };
		EBD4F8FD2570B37900E979AA /* PatientNameCell.swift */ = {isa = PBXFileReference; lastKnownFileType = sourcecode.swift; path = PatientNameCell.swift; sourceTree = "<group>"; };
		EBD4F8FE2570B37900E979AA /* PatientNameCell.xib */ = {isa = PBXFileReference; lastKnownFileType = file.xib; path = PatientNameCell.xib; sourceTree = "<group>"; };
		EBD4F9012570BBC700E979AA /* Extensions.swift */ = {isa = PBXFileReference; lastKnownFileType = sourcecode.swift; path = Extensions.swift; sourceTree = "<group>"; };
		EBD4F9042570C8D800E979AA /* PatientSelectedViewController.swift */ = {isa = PBXFileReference; lastKnownFileType = sourcecode.swift; path = PatientSelectedViewController.swift; sourceTree = "<group>"; };
		EBD4F9062570C8F400E979AA /* PatientSelectedViewController.storyboard */ = {isa = PBXFileReference; lastKnownFileType = file.storyboard; path = PatientSelectedViewController.storyboard; sourceTree = "<group>"; };
		EBD4F9082570CED600E979AA /* PatientSelectedViewModel.swift */ = {isa = PBXFileReference; lastKnownFileType = sourcecode.swift; path = PatientSelectedViewModel.swift; sourceTree = "<group>"; };
		EBDBBFA7257D7B7700F67AA4 /* NetworkError.swift */ = {isa = PBXFileReference; lastKnownFileType = sourcecode.swift; path = NetworkError.swift; sourceTree = "<group>"; };
		EBEE173D25702A93006D1846 /* TableView.swift */ = {isa = PBXFileReference; lastKnownFileType = sourcecode.swift; path = TableView.swift; sourceTree = "<group>"; };
/* End PBXFileReference section */

/* Begin PBXFrameworksBuildPhase section */
		EB31CDEC25701887000241D7 /* Frameworks */ = {
			isa = PBXFrameworksBuildPhase;
			buildActionMask = 2147483647;
			files = (
			);
			runOnlyForDeploymentPostprocessing = 0;
		};
		EB31CE0225701888000241D7 /* Frameworks */ = {
			isa = PBXFrameworksBuildPhase;
			buildActionMask = 2147483647;
			files = (
			);
			runOnlyForDeploymentPostprocessing = 0;
		};
/* End PBXFrameworksBuildPhase section */

/* Begin PBXGroup section */
		EB31CDE625701887000241D7 = {
			isa = PBXGroup;
			children = (
				EB31CDF125701888000241D7 /* eHealthInnovation-Test */,
				EB31CE0825701888000241D7 /* eHealthInnovation-TestTests */,
				EB31CDF025701888000241D7 /* Products */,
			);
			sourceTree = "<group>";
		};
		EB31CDF025701888000241D7 /* Products */ = {
			isa = PBXGroup;
			children = (
				EB31CDEF25701888000241D7 /* eHealthInnovation-Test.app */,
				EB31CE0525701888000241D7 /* eHealthInnovation-TestTests.xctest */,
			);
			name = Products;
			sourceTree = "<group>";
		};
		EB31CDF125701888000241D7 /* eHealthInnovation-Test */ = {
			isa = PBXGroup;
			children = (
				EB31CDF425701888000241D7 /* SceneDelegate.swift */,
				EB31CDF225701888000241D7 /* AppDelegate.swift */,
				EB31CE1525701924000241D7 /* Flow */,
				EB31CE172570194B000241D7 /* LaunchScreen */,
				EB31CE18257019C2000241D7 /* Model */,
				EB31CE19257019D1000241D7 /* Service */,
				EBD4F8F22570AA5000E979AA /* Repository */,
				EB31CE0025701888000241D7 /* Info.plist */,
				EBEE173C25702A80006D1846 /* Helper */,
				EB31CE14257018BA000241D7 /* Supporting Files */,
			);
			path = "eHealthInnovation-Test";
			sourceTree = "<group>";
		};
		EB31CE0825701888000241D7 /* eHealthInnovation-TestTests */ = {
			isa = PBXGroup;
			children = (
				EBD4F8ED257094A300E979AA /* Flow */,
				EBD4F8EF257094B800E979AA /* Service */,
				EB31CE0B25701888000241D7 /* Info.plist */,
			);
			path = "eHealthInnovation-TestTests";
			sourceTree = "<group>";
		};
		EB31CE14257018BA000241D7 /* Supporting Files */ = {
			isa = PBXGroup;
			children = (
				EB31CDFB25701888000241D7 /* Assets.xcassets */,
			);
			path = "Supporting Files";
			sourceTree = "<group>";
		};
		EB31CE1525701924000241D7 /* Flow */ = {
			isa = PBXGroup;
			children = (
				EB31CE1625701932000241D7 /* Root */,
			);
			path = Flow;
			sourceTree = "<group>";
		};
		EB31CE1625701932000241D7 /* Root */ = {
			isa = PBXGroup;
			children = (
				EB31CDF825701888000241D7 /* HomeViewController.storyboard */,
				EB31CDF625701888000241D7 /* HomeViewController.swift */,
				EB31CE2125701AA7000241D7 /* HomeViewModel.swift */,
				EBD4F9032570C89B00E979AA /* PatientSelection */,
				EBD4F8FA2570B29E00E979AA /* Cell */,
				EBD4F8F52570ABF100E979AA /* Builder */,
			);
			path = Root;
			sourceTree = "<group>";
		};
		EB31CE172570194B000241D7 /* LaunchScreen */ = {
			isa = PBXGroup;
			children = (
				EB31CDFD25701888000241D7 /* LaunchScreen.storyboard */,
			);
			path = LaunchScreen;
			sourceTree = "<group>";
		};
		EB31CE18257019C2000241D7 /* Model */ = {
			isa = PBXGroup;
			children = (
				EB31CE1B257019F2000241D7 /* Patient.swift */,
			);
			path = Model;
			sourceTree = "<group>";
		};
		EB31CE19257019D1000241D7 /* Service */ = {
			isa = PBXGroup;
			children = (
				EBDBBFA6257D7B5500F67AA4 /* NetworkService */,
				EB31CE1D25701A45000241D7 /* PatientInformationService.swift */,
			);
			path = Service;
			sourceTree = "<group>";
		};
		EBD4F8ED257094A300E979AA /* Flow */ = {
			isa = PBXGroup;
			children = (
				EBD4F8EE257094A900E979AA /* Root */,
			);
			path = Flow;
			sourceTree = "<group>";
		};
		EBD4F8EE257094A900E979AA /* Root */ = {
			isa = PBXGroup;
			children = (
				EB31CE0925701888000241D7 /* HomeViewModelTests.swift */,
			);
			path = Root;
			sourceTree = "<group>";
		};
		EBD4F8EF257094B800E979AA /* Service */ = {
			isa = PBXGroup;
			children = (
				EBD4F8F0257094DB00E979AA /* PatientInformationServiceTest.swift */,
			);
			path = Service;
			sourceTree = "<group>";
		};
		EBD4F8F22570AA5000E979AA /* Repository */ = {
			isa = PBXGroup;
			children = (
				EBD4F8F32570AA6E00E979AA /* PatientInformationRepository.swift */,
			);
			path = Repository;
			sourceTree = "<group>";
		};
		EBD4F8F52570ABF100E979AA /* Builder */ = {
			isa = PBXGroup;
			children = (
				EBD4F8F82570AC8700E979AA /* HomeBuilder.swift */,
			);
			path = Builder;
			sourceTree = "<group>";
		};
		EBD4F8FA2570B29E00E979AA /* Cell */ = {
			isa = PBXGroup;
			children = (
				EBD4F8FD2570B37900E979AA /* PatientNameCell.swift */,
				EBD4F8FE2570B37900E979AA /* PatientNameCell.xib */,
			);
			path = Cell;
			sourceTree = "<group>";
		};
		EBD4F9032570C89B00E979AA /* PatientSelection */ = {
			isa = PBXGroup;
			children = (
				EBD4F9042570C8D800E979AA /* PatientSelectedViewController.swift */,
				EBD4F9062570C8F400E979AA /* PatientSelectedViewController.storyboard */,
				EBD4F9082570CED600E979AA /* PatientSelectedViewModel.swift */,
			);
			path = PatientSelection;
			sourceTree = "<group>";
		};
		EBDBBFA6257D7B5500F67AA4 /* NetworkService */ = {
			isa = PBXGroup;
			children = (
				EB23971D257062F2002712A7 /* NetworkService.swift */,
				EBDBBFA7257D7B7700F67AA4 /* NetworkError.swift */,
			);
			path = NetworkService;
			sourceTree = "<group>";
		};
		EBEE173C25702A80006D1846 /* Helper */ = {
			isa = PBXGroup;
			children = (
				EBEE173D25702A93006D1846 /* TableView.swift */,
				EBD4F8F62570AC6A00E979AA /* AlertManager.swift */,
				EBD4F9012570BBC700E979AA /* Extensions.swift */,
			);
			path = Helper;
			sourceTree = "<group>";
		};
/* End PBXGroup section */

/* Begin PBXNativeTarget section */
		EB31CDEE25701887000241D7 /* eHealthInnovation-Test */ = {
			isa = PBXNativeTarget;
			buildConfigurationList = EB31CE0E25701888000241D7 /* Build configuration list for PBXNativeTarget "eHealthInnovation-Test" */;
			buildPhases = (
				EB31CDEB25701887000241D7 /* Sources */,
				EB31CDEC25701887000241D7 /* Frameworks */,
				EB31CDED25701887000241D7 /* Resources */,
			);
			buildRules = (
			);
			dependencies = (
			);
			name = "eHealthInnovation-Test";
			productName = "eHealthInnovation-Test";
			productReference = EB31CDEF25701888000241D7 /* eHealthInnovation-Test.app */;
			productType = "com.apple.product-type.application";
		};
		EB31CE0425701888000241D7 /* eHealthInnovation-TestTests */ = {
			isa = PBXNativeTarget;
			buildConfigurationList = EB31CE1125701888000241D7 /* Build configuration list for PBXNativeTarget "eHealthInnovation-TestTests" */;
			buildPhases = (
				EB31CE0125701888000241D7 /* Sources */,
				EB31CE0225701888000241D7 /* Frameworks */,
				EB31CE0325701888000241D7 /* Resources */,
			);
			buildRules = (
			);
			dependencies = (
				EB31CE0725701888000241D7 /* PBXTargetDependency */,
			);
			name = "eHealthInnovation-TestTests";
			productName = "eHealthInnovation-TestTests";
			productReference = EB31CE0525701888000241D7 /* eHealthInnovation-TestTests.xctest */;
			productType = "com.apple.product-type.bundle.unit-test";
		};
/* End PBXNativeTarget section */

/* Begin PBXProject section */
		EB31CDE725701887000241D7 /* Project object */ = {
			isa = PBXProject;
			attributes = {
				LastSwiftUpdateCheck = 1120;
				LastUpgradeCheck = 1120;
				ORGANIZATIONNAME = "Paul Corp";
				TargetAttributes = {
					EB31CDEE25701887000241D7 = {
						CreatedOnToolsVersion = 11.2.1;
					};
					EB31CE0425701888000241D7 = {
						CreatedOnToolsVersion = 11.2.1;
						TestTargetID = EB31CDEE25701887000241D7;
					};
				};
			};
			buildConfigurationList = EB31CDEA25701887000241D7 /* Build configuration list for PBXProject "eHealthInnovation-Test" */;
			compatibilityVersion = "Xcode 9.3";
			developmentRegion = en;
			hasScannedForEncodings = 0;
			knownRegions = (
				en,
				Base,
			);
			mainGroup = EB31CDE625701887000241D7;
			productRefGroup = EB31CDF025701888000241D7 /* Products */;
			projectDirPath = "";
			projectRoot = "";
			targets = (
				EB31CDEE25701887000241D7 /* eHealthInnovation-Test */,
				EB31CE0425701888000241D7 /* eHealthInnovation-TestTests */,
			);
		};
/* End PBXProject section */

/* Begin PBXResourcesBuildPhase section */
		EB31CDED25701887000241D7 /* Resources */ = {
			isa = PBXResourcesBuildPhase;
			buildActionMask = 2147483647;
			files = (
				EB31CDFF25701888000241D7 /* LaunchScreen.storyboard in Resources */,
				EB31CDFC25701888000241D7 /* Assets.xcassets in Resources */,
				EBD4F9002570B37900E979AA /* PatientNameCell.xib in Resources */,
				EB31CDFA25701888000241D7 /* HomeViewController.storyboard in Resources */,
				EBD4F9072570C8F400E979AA /* PatientSelectedViewController.storyboard in Resources */,
			);
			runOnlyForDeploymentPostprocessing = 0;
		};
		EB31CE0325701888000241D7 /* Resources */ = {
			isa = PBXResourcesBuildPhase;
			buildActionMask = 2147483647;
			files = (
			);
			runOnlyForDeploymentPostprocessing = 0;
		};
/* End PBXResourcesBuildPhase section */

/* Begin PBXSourcesBuildPhase section */
		EB31CDEB25701887000241D7 /* Sources */ = {
			isa = PBXSourcesBuildPhase;
			buildActionMask = 2147483647;
			files = (
				EBD4F8F42570AA6E00E979AA /* PatientInformationRepository.swift in Sources */,
				EB31CDF725701888000241D7 /* HomeViewController.swift in Sources */,
				EBD4F8F72570AC6A00E979AA /* AlertManager.swift in Sources */,
				EBD4F8F92570AC8700E979AA /* HomeBuilder.swift in Sources */,
				EB31CE2225701AA7000241D7 /* HomeViewModel.swift in Sources */,
				EB31CE1C257019F2000241D7 /* Patient.swift in Sources */,
				EB23971E257062F2002712A7 /* NetworkService.swift in Sources */,
				EB31CDF325701888000241D7 /* AppDelegate.swift in Sources */,
				EBDBBFA8257D7B7700F67AA4 /* NetworkError.swift in Sources */,
				EBD4F9022570BBC700E979AA /* Extensions.swift in Sources */,
				EBEE173E25702A93006D1846 /* TableView.swift in Sources */,
				EB31CDF525701888000241D7 /* SceneDelegate.swift in Sources */,
				EBD4F9052570C8D800E979AA /* PatientSelectedViewController.swift in Sources */,
				EBD4F8FF2570B37900E979AA /* PatientNameCell.swift in Sources */,
				EB31CE1E25701A45000241D7 /* PatientInformationService.swift in Sources */,
				EBD4F9092570CED600E979AA /* PatientSelectedViewModel.swift in Sources */,
			);
			runOnlyForDeploymentPostprocessing = 0;
		};
		EB31CE0125701888000241D7 /* Sources */ = {
			isa = PBXSourcesBuildPhase;
			buildActionMask = 2147483647;
			files = (
				EBD4F8F1257094DB00E979AA /* PatientInformationServiceTest.swift in Sources */,
				EB31CE0A25701888000241D7 /* HomeViewModelTests.swift in Sources */,
			);
			runOnlyForDeploymentPostprocessing = 0;
		};
/* End PBXSourcesBuildPhase section */

/* Begin PBXTargetDependency section */
		EB31CE0725701888000241D7 /* PBXTargetDependency */ = {
			isa = PBXTargetDependency;
			target = EB31CDEE25701887000241D7 /* eHealthInnovation-Test */;
			targetProxy = EB31CE0625701888000241D7 /* PBXContainerItemProxy */;
		};
/* End PBXTargetDependency section */

/* Begin PBXVariantGroup section */
		EB31CDF825701888000241D7 /* HomeViewController.storyboard */ = {
			isa = PBXVariantGroup;
			children = (
				EB31CDF925701888000241D7 /* Base */,
			);
			name = HomeViewController.storyboard;
			sourceTree = "<group>";
		};
		EB31CDFD25701888000241D7 /* LaunchScreen.storyboard */ = {
			isa = PBXVariantGroup;
			children = (
				EB31CDFE25701888000241D7 /* Base */,
			);
			name = LaunchScreen.storyboard;
			sourceTree = "<group>";
		};
/* End PBXVariantGroup section */

/* Begin XCBuildConfiguration section */
		EB31CE0C25701888000241D7 /* Debug */ = {
			isa = XCBuildConfiguration;
			buildSettings = {
				ALWAYS_SEARCH_USER_PATHS = NO;
				CLANG_ANALYZER_NONNULL = YES;
				CLANG_ANALYZER_NUMBER_OBJECT_CONVERSION = YES_AGGRESSIVE;
				CLANG_CXX_LANGUAGE_STANDARD = "gnu++14";
				CLANG_CXX_LIBRARY = "libc++";
				CLANG_ENABLE_MODULES = YES;
				CLANG_ENABLE_OBJC_ARC = YES;
				CLANG_ENABLE_OBJC_WEAK = YES;
				CLANG_WARN_BLOCK_CAPTURE_AUTORELEASING = YES;
				CLANG_WARN_BOOL_CONVERSION = YES;
				CLANG_WARN_COMMA = YES;
				CLANG_WARN_CONSTANT_CONVERSION = YES;
				CLANG_WARN_DEPRECATED_OBJC_IMPLEMENTATIONS = YES;
				CLANG_WARN_DIRECT_OBJC_ISA_USAGE = YES_ERROR;
				CLANG_WARN_DOCUMENTATION_COMMENTS = YES;
				CLANG_WARN_EMPTY_BODY = YES;
				CLANG_WARN_ENUM_CONVERSION = YES;
				CLANG_WARN_INFINITE_RECURSION = YES;
				CLANG_WARN_INT_CONVERSION = YES;
				CLANG_WARN_NON_LITERAL_NULL_CONVERSION = YES;
				CLANG_WARN_OBJC_IMPLICIT_RETAIN_SELF = YES;
				CLANG_WARN_OBJC_LITERAL_CONVERSION = YES;
				CLANG_WARN_OBJC_ROOT_CLASS = YES_ERROR;
				CLANG_WARN_RANGE_LOOP_ANALYSIS = YES;
				CLANG_WARN_STRICT_PROTOTYPES = YES;
				CLANG_WARN_SUSPICIOUS_MOVE = YES;
				CLANG_WARN_UNGUARDED_AVAILABILITY = YES_AGGRESSIVE;
				CLANG_WARN_UNREACHABLE_CODE = YES;
				CLANG_WARN__DUPLICATE_METHOD_MATCH = YES;
				COPY_PHASE_STRIP = NO;
				DEBUG_INFORMATION_FORMAT = dwarf;
				ENABLE_STRICT_OBJC_MSGSEND = YES;
				ENABLE_TESTABILITY = YES;
				GCC_C_LANGUAGE_STANDARD = gnu11;
				GCC_DYNAMIC_NO_PIC = NO;
				GCC_NO_COMMON_BLOCKS = YES;
				GCC_OPTIMIZATION_LEVEL = 0;
				GCC_PREPROCESSOR_DEFINITIONS = (
					"DEBUG=1",
					"$(inherited)",
				);
				GCC_WARN_64_TO_32_BIT_CONVERSION = YES;
				GCC_WARN_ABOUT_RETURN_TYPE = YES_ERROR;
				GCC_WARN_UNDECLARED_SELECTOR = YES;
				GCC_WARN_UNINITIALIZED_AUTOS = YES_AGGRESSIVE;
				GCC_WARN_UNUSED_FUNCTION = YES;
				GCC_WARN_UNUSED_VARIABLE = YES;
				IPHONEOS_DEPLOYMENT_TARGET = 13.2;
				MTL_ENABLE_DEBUG_INFO = INCLUDE_SOURCE;
				MTL_FAST_MATH = YES;
				ONLY_ACTIVE_ARCH = YES;
				SDKROOT = iphoneos;
				SWIFT_ACTIVE_COMPILATION_CONDITIONS = DEBUG;
				SWIFT_OPTIMIZATION_LEVEL = "-Onone";
			};
			name = Debug;
		};
		EB31CE0D25701888000241D7 /* Release */ = {
			isa = XCBuildConfiguration;
			buildSettings = {
				ALWAYS_SEARCH_USER_PATHS = NO;
				CLANG_ANALYZER_NONNULL = YES;
				CLANG_ANALYZER_NUMBER_OBJECT_CONVERSION = YES_AGGRESSIVE;
				CLANG_CXX_LANGUAGE_STANDARD = "gnu++14";
				CLANG_CXX_LIBRARY = "libc++";
				CLANG_ENABLE_MODULES = YES;
				CLANG_ENABLE_OBJC_ARC = YES;
				CLANG_ENABLE_OBJC_WEAK = YES;
				CLANG_WARN_BLOCK_CAPTURE_AUTORELEASING = YES;
				CLANG_WARN_BOOL_CONVERSION = YES;
				CLANG_WARN_COMMA = YES;
				CLANG_WARN_CONSTANT_CONVERSION = YES;
				CLANG_WARN_DEPRECATED_OBJC_IMPLEMENTATIONS = YES;
				CLANG_WARN_DIRECT_OBJC_ISA_USAGE = YES_ERROR;
				CLANG_WARN_DOCUMENTATION_COMMENTS = YES;
				CLANG_WARN_EMPTY_BODY = YES;
				CLANG_WARN_ENUM_CONVERSION = YES;
				CLANG_WARN_INFINITE_RECURSION = YES;
				CLANG_WARN_INT_CONVERSION = YES;
				CLANG_WARN_NON_LITERAL_NULL_CONVERSION = YES;
				CLANG_WARN_OBJC_IMPLICIT_RETAIN_SELF = YES;
				CLANG_WARN_OBJC_LITERAL_CONVERSION = YES;
				CLANG_WARN_OBJC_ROOT_CLASS = YES_ERROR;
				CLANG_WARN_RANGE_LOOP_ANALYSIS = YES;
				CLANG_WARN_STRICT_PROTOTYPES = YES;
				CLANG_WARN_SUSPICIOUS_MOVE = YES;
				CLANG_WARN_UNGUARDED_AVAILABILITY = YES_AGGRESSIVE;
				CLANG_WARN_UNREACHABLE_CODE = YES;
				CLANG_WARN__DUPLICATE_METHOD_MATCH = YES;
				COPY_PHASE_STRIP = NO;
				DEBUG_INFORMATION_FORMAT = "dwarf-with-dsym";
				ENABLE_NS_ASSERTIONS = NO;
				ENABLE_STRICT_OBJC_MSGSEND = YES;
				GCC_C_LANGUAGE_STANDARD = gnu11;
				GCC_NO_COMMON_BLOCKS = YES;
				GCC_WARN_64_TO_32_BIT_CONVERSION = YES;
				GCC_WARN_ABOUT_RETURN_TYPE = YES_ERROR;
				GCC_WARN_UNDECLARED_SELECTOR = YES;
				GCC_WARN_UNINITIALIZED_AUTOS = YES_AGGRESSIVE;
				GCC_WARN_UNUSED_FUNCTION = YES;
				GCC_WARN_UNUSED_VARIABLE = YES;
				IPHONEOS_DEPLOYMENT_TARGET = 13.2;
				MTL_ENABLE_DEBUG_INFO = NO;
				MTL_FAST_MATH = YES;
				SDKROOT = iphoneos;
				SWIFT_COMPILATION_MODE = wholemodule;
				SWIFT_OPTIMIZATION_LEVEL = "-O";
				VALIDATE_PRODUCT = YES;
			};
			name = Release;
		};
		EB31CE0F25701888000241D7 /* Debug */ = {
			isa = XCBuildConfiguration;
			buildSettings = {
				ASSETCATALOG_COMPILER_APPICON_NAME = AppIcon;
				CODE_SIGN_STYLE = Automatic;
				DEVELOPMENT_TEAM = HQ9RJZ3A7D;
				INFOPLIST_FILE = "eHealthInnovation-Test/Info.plist";
				LD_RUNPATH_SEARCH_PATHS = (
					"$(inherited)",
					"@executable_path/Frameworks",
				);
				PRODUCT_BUNDLE_IDENTIFIER = "Paul-Huynh.eHealthInnovation-Test";
				PRODUCT_NAME = "$(TARGET_NAME)";
				SWIFT_VERSION = 5.0;
				TARGETED_DEVICE_FAMILY = "1,2";
			};
			name = Debug;
		};
		EB31CE1025701888000241D7 /* Release */ = {
			isa = XCBuildConfiguration;
			buildSettings = {
				ASSETCATALOG_COMPILER_APPICON_NAME = AppIcon;
				CODE_SIGN_STYLE = Automatic;
				DEVELOPMENT_TEAM = HQ9RJZ3A7D;
				INFOPLIST_FILE = "eHealthInnovation-Test/Info.plist";
				LD_RUNPATH_SEARCH_PATHS = (
					"$(inherited)",
					"@executable_path/Frameworks",
				);
				PRODUCT_BUNDLE_IDENTIFIER = "Paul-Huynh.eHealthInnovation-Test";
				PRODUCT_NAME = "$(TARGET_NAME)";
				SWIFT_VERSION = 5.0;
				TARGETED_DEVICE_FAMILY = "1,2";
			};
			name = Release;
		};
		EB31CE1225701888000241D7 /* Debug */ = {
			isa = XCBuildConfiguration;
			buildSettings = {
				ALWAYS_EMBED_SWIFT_STANDARD_LIBRARIES = YES;
				BUNDLE_LOADER = "$(TEST_HOST)";
				CODE_SIGN_STYLE = Automatic;
				DEVELOPMENT_TEAM = HQ9RJZ3A7D;
				INFOPLIST_FILE = "eHealthInnovation-TestTests/Info.plist";
				IPHONEOS_DEPLOYMENT_TARGET = 13.2;
				LD_RUNPATH_SEARCH_PATHS = (
					"$(inherited)",
					"@executable_path/Frameworks",
					"@loader_path/Frameworks",
				);
				PRODUCT_BUNDLE_IDENTIFIER = "Paul-Huynh.eHealthInnovation-TestTests";
				PRODUCT_NAME = "$(TARGET_NAME)";
				SWIFT_VERSION = 5.0;
				TARGETED_DEVICE_FAMILY = "1,2";
				TEST_HOST = "$(BUILT_PRODUCTS_DIR)/eHealthInnovation-Test.app/eHealthInnovation-Test";
			};
			name = Debug;
		};
		EB31CE1325701888000241D7 /* Release */ = {
			isa = XCBuildConfiguration;
			buildSettings = {
				ALWAYS_EMBED_SWIFT_STANDARD_LIBRARIES = YES;
				BUNDLE_LOADER = "$(TEST_HOST)";
				CODE_SIGN_STYLE = Automatic;
				DEVELOPMENT_TEAM = HQ9RJZ3A7D;
				INFOPLIST_FILE = "eHealthInnovation-TestTests/Info.plist";
				IPHONEOS_DEPLOYMENT_TARGET = 13.2;
				LD_RUNPATH_SEARCH_PATHS = (
					"$(inherited)",
					"@executable_path/Frameworks",
					"@loader_path/Frameworks",
				);
				PRODUCT_BUNDLE_IDENTIFIER = "Paul-Huynh.eHealthInnovation-TestTests";
				PRODUCT_NAME = "$(TARGET_NAME)";
				SWIFT_VERSION = 5.0;
				TARGETED_DEVICE_FAMILY = "1,2";
				TEST_HOST = "$(BUILT_PRODUCTS_DIR)/eHealthInnovation-Test.app/eHealthInnovation-Test";
			};
			name = Release;
		};
/* End XCBuildConfiguration section */

/* Begin XCConfigurationList section */
		EB31CDEA25701887000241D7 /* Build configuration list for PBXProject "eHealthInnovation-Test" */ = {
			isa = XCConfigurationList;
			buildConfigurations = (
				EB31CE0C25701888000241D7 /* Debug */,
				EB31CE0D25701888000241D7 /* Release */,
			);
			defaultConfigurationIsVisible = 0;
			defaultConfigurationName = Release;
		};
		EB31CE0E25701888000241D7 /* Build configuration list for PBXNativeTarget "eHealthInnovation-Test" */ = {
			isa = XCConfigurationList;
			buildConfigurations = (
				EB31CE0F25701888000241D7 /* Debug */,
				EB31CE1025701888000241D7 /* Release */,
			);
			defaultConfigurationIsVisible = 0;
			defaultConfigurationName = Release;
		};
		EB31CE1125701888000241D7 /* Build configuration list for PBXNativeTarget "eHealthInnovation-TestTests" */ = {
			isa = XCConfigurationList;
			buildConfigurations = (
				EB31CE1225701888000241D7 /* Debug */,
				EB31CE1325701888000241D7 /* Release */,
			);
			defaultConfigurationIsVisible = 0;
			defaultConfigurationName = Release;
		};
/* End XCConfigurationList section */
	};
	rootObject = EB31CDE725701887000241D7 /* Project object */;
}
